
Microsoft Visual Studio Solution File, Format Version 12.00
Project("{FAE04EC0-301F-11D3-BF4B-00C04F79EFBC}") = "SimpleMVC", "SimpleMVC\SimpleMVC.csproj", "{9D65A1CD-278E-4C3A-81C8-B5C0DAED77F4}"
EndProject
Project("{FAE04EC0-301F-11D3-BF4B-00C04F79EFBC}") = "GarageControllerTests", "GarageControllerTests\GarageControllerTests.csproj", "{9A163550-BC53-4FB1-A953-F7038960AE11}"
EndProject
Global
	GlobalSection(SolutionConfigurationPlatforms) = preSolution
		Debug|Any CPU = Debug|Any CPU
		Release|Any CPU = Release|Any CPU
	EndGlobalSection
	GlobalSection(ProjectConfigurationPlatforms) = postSolution
		{9D65A1CD-278E-4C3A-81C8-B5C0DAED77F4}.Debug|Any CPU.ActiveCfg = Debug|Any CPU
		{9D65A1CD-278E-4C3A-81C8-B5C0DAED77F4}.Debug|Any CPU.Build.0 = Debug|Any CPU
		{9D65A1CD-278E-4C3A-81C8-B5C0DAED77F4}.Release|Any CPU.ActiveCfg = Release|Any CPU
		{9D65A1CD-278E-4C3A-81C8-B5C0DAED77F4}.Release|Any CPU.Build.0 = Release|Any CPU
		{9A163550-BC53-4FB1-A953-F7038960AE11}.Debug|Any CPU.ActiveCfg = Debug|Any CPU
		{9A163550-BC53-4FB1-A953-F7038960AE11}.Debug|Any CPU.Build.0 = Debug|Any CPU
		{9A163550-BC53-4FB1-A953-F7038960AE11}.Release|Any CPU.ActiveCfg = Release|Any CPU
		{9A163550-BC53-4FB1-A953-F7038960AE11}.Release|Any CPU.Build.0 = Release|Any CPU
	EndGlobalSection
EndGlobal
