
Microsoft Visual Studio Solution File, Format Version 12.00
Project("{FAE04EC0-301F-11D3-BF4B-00C04F79EFBC}") = "MvcMovie", "MvcMovie\MvcMovie.csproj", "{8D70C877-0A17-465D-9DF0-3B2B5802884C}"
EndProject
Global
	GlobalSection(SolutionConfigurationPlatforms) = preSolution
		Debug|Any CPU = Debug|Any CPU
		Release|Any CPU = Release|Any CPU
	EndGlobalSection
	GlobalSection(ProjectConfigurationPlatforms) = postSolution
		{8D70C877-0A17-465D-9DF0-3B2B5802884C}.Debug|Any CPU.ActiveCfg = Debug|Any CPU
		{8D70C877-0A17-465D-9DF0-3B2B5802884C}.Debug|Any CPU.Build.0 = Debug|Any CPU
		{8D70C877-0A17-465D-9DF0-3B2B5802884C}.Release|Any CPU.ActiveCfg = Release|Any CPU
		{8D70C877-0A17-465D-9DF0-3B2B5802884C}.Release|Any CPU.Build.0 = Release|Any CPU
	EndGlobalSection
EndGlobal
